
Microsoft Visual Studio Solution File, Format Version 12.00
# Visual Studio Version 18
VisualStudioVersion = 18.2.11408.102
MinimumVisualStudioVersion = 10.0.40219.1
Project("{9A19103F-16F7-4668-BE54-9A1E7A4F7556}") = "Master", "Master\Master.csproj", "{DD63F4DE-5733-4825-9257-DDD1449AA4CB}"
EndProject
Project("{FAE04EC0-301F-11D3-BF4B-00C04F79EFBC}") = "Master.UnitTest", "Master.UnitTest\Master.UnitTest.csproj", "{F3CFA8BE-D8F3-42BD-B588-DA65A0EF4BC9}"
EndProject
Project("{FAE04EC0-301F-11D3-BF4B-00C04F79EFBC}") = "Master.QA", "Master.QA\Master.QA.csproj", "{420DF7BA-BA03-4326-8BD3-EB9AEBD93A12}"
EndProject
Project("{FAE04EC0-301F-11D3-BF4B-00C04F79EFBC}") = "Master.QA.Capacity", "Master.QA.Capacity\Master.QA.Capacity.csproj", "{D8D39618-4FC1-4D63-93AB-AFD617AB3C04}"
EndProject
Global
	GlobalSection(SolutionConfigurationPlatforms) = preSolution
		Debug|Any CPU = Debug|Any CPU
		Release|Any CPU = Release|Any CPU
		Service|Any CPU = Service|Any CPU
	EndGlobalSection
	GlobalSection(ProjectConfigurationPlatforms) = postSolution
		{DD63F4DE-5733-4825-9257-DDD1449AA4CB}.Debug|Any CPU.ActiveCfg = Debug|Any CPU
		{DD63F4DE-5733-4825-9257-DDD1449AA4CB}.Debug|Any CPU.Build.0 = Debug|Any CPU
		{DD63F4DE-5733-4825-9257-DDD1449AA4CB}.Release|Any CPU.ActiveCfg = Release|Any CPU
		{DD63F4DE-5733-4825-9257-DDD1449AA4CB}.Release|Any CPU.Build.0 = Release|Any CPU
		{DD63F4DE-5733-4825-9257-DDD1449AA4CB}.Service|Any CPU.ActiveCfg = Service|Any CPU
		{DD63F4DE-5733-4825-9257-DDD1449AA4CB}.Service|Any CPU.Build.0 = Service|Any CPU
		{F3CFA8BE-D8F3-42BD-B588-DA65A0EF4BC9}.Debug|Any CPU.ActiveCfg = Debug|Any CPU
		{F3CFA8BE-D8F3-42BD-B588-DA65A0EF4BC9}.Debug|Any CPU.Build.0 = Debug|Any CPU
		{F3CFA8BE-D8F3-42BD-B588-DA65A0EF4BC9}.Release|Any CPU.ActiveCfg = Release|Any CPU
		{F3CFA8BE-D8F3-42BD-B588-DA65A0EF4BC9}.Release|Any CPU.Build.0 = Release|Any CPU
		{F3CFA8BE-D8F3-42BD-B588-DA65A0EF4BC9}.Service|Any CPU.ActiveCfg = Service|Any CPU
		{F3CFA8BE-D8F3-42BD-B588-DA65A0EF4BC9}.Service|Any CPU.Build.0 = Service|Any CPU
		{420DF7BA-BA03-4326-8BD3-EB9AEBD93A12}.Debug|Any CPU.ActiveCfg = Debug|Any CPU
		{420DF7BA-BA03-4326-8BD3-EB9AEBD93A12}.Debug|Any CPU.Build.0 = Debug|Any CPU
		{420DF7BA-BA03-4326-8BD3-EB9AEBD93A12}.Release|Any CPU.ActiveCfg = Release|Any CPU
		{420DF7BA-BA03-4326-8BD3-EB9AEBD93A12}.Release|Any CPU.Build.0 = Release|Any CPU
		{420DF7BA-BA03-4326-8BD3-EB9AEBD93A12}.Service|Any CPU.ActiveCfg = Service|Any CPU
		{420DF7BA-BA03-4326-8BD3-EB9AEBD93A12}.Service|Any CPU.Build.0 = Service|Any CPU
		{D8D39618-4FC1-4D63-93AB-AFD617AB3C04}.Debug|Any CPU.ActiveCfg = Debug|Any CPU
		{D8D39618-4FC1-4D63-93AB-AFD617AB3C04}.Debug|Any CPU.Build.0 = Debug|Any CPU
		{D8D39618-4FC1-4D63-93AB-AFD617AB3C04}.Release|Any CPU.ActiveCfg = Release|Any CPU
		{D8D39618-4FC1-4D63-93AB-AFD617AB3C04}.Release|Any CPU.Build.0 = Release|Any CPU
		{D8D39618-4FC1-4D63-93AB-AFD617AB3C04}.Service|Any CPU.ActiveCfg = Service|Any CPU
		{D8D39618-4FC1-4D63-93AB-AFD617AB3C04}.Service|Any CPU.Build.0 = Service|Any CPU
	EndGlobalSection
	GlobalSection(SolutionProperties) = preSolution
		HideSolutionNode = FALSE
	EndGlobalSection
EndGlobal
